
Microsoft Visual Studio Solution File, Format Version 12.00
# Visual Studio Version 17
VisualStudioVersion = 17.14.36518.9
MinimumVisualStudioVersion = 10.0.40219.1
Project("{FAE04EC0-301F-11D3-BF4B-00C04F79EFBC}") = "LinkCollector", "LinkCollector.csproj", "{CD892A1C-C225-4F33-9AA5-3EF07308BBD7}"
EndProject
Global
	GlobalSection(SolutionConfigurationPlatforms) = preSolution
		Debug|Any CPU = Debug|Any CPU
		Release|Any CPU = Release|Any CPU
	EndGlobalSection
	GlobalSection(ProjectConfigurationPlatforms) = postSolution
		{CD892A1C-C225-4F33-9AA5-3EF07308BBD7}.Debug|Any CPU.ActiveCfg = Debug|Any CPU
		{CD892A1C-C225-4F33-9AA5-3EF07308BBD7}.Debug|Any CPU.Build.0 = Debug|Any CPU
		{CD892A1C-C225-4F33-9AA5-3EF07308BBD7}.Release|Any CPU.ActiveCfg = Release|Any CPU
		{CD892A1C-C225-4F33-9AA5-3EF07308BBD7}.Release|Any CPU.Build.0 = Release|Any CPU
	EndGlobalSection
	GlobalSection(SolutionProperties) = preSolution
		HideSolutionNode = FALSE
	EndGlobalSection
	GlobalSection(ExtensibilityGlobals) = postSolution
		SolutionGuid = {7745BA5A-1D08-4DB8-87AA-F039C1CCD818}
	EndGlobalSection
EndGlobal
